
Microsoft Visual Studio Solution File, Format Version 12.00
# Visual Studio Version 16
VisualStudioVersion = 16.0.31702.278
MinimumVisualStudioVersion = 10.0.40219.1
Project("{FAE04EC0-301F-11D3-BF4B-00C04F79EFBC}") = "BookApiWithoutEF", "BookApiWithoutEF.csproj", "{9C0E28F8-B772-4A3C-B090-BBDD75098E67}"
EndProject
Global
	GlobalSection(SolutionConfigurationPlatforms) = preSolution
		Debug|Any CPU = Debug|Any CPU
		Release|Any CPU = Release|Any CPU
	EndGlobalSection
	GlobalSection(ProjectConfigurationPlatforms) = postSolution
		{9C0E28F8-B772-4A3C-B090-BBDD75098E67}.Debug|Any CPU.ActiveCfg = Debug|Any CPU
		{9C0E28F8-B772-4A3C-B090-BBDD75098E67}.Debug|Any CPU.Build.0 = Debug|Any CPU
		{9C0E28F8-B772-4A3C-B090-BBDD75098E67}.Release|Any CPU.ActiveCfg = Release|Any CPU
		{9C0E28F8-B772-4A3C-B090-BBDD75098E67}.Release|Any CPU.Build.0 = Release|Any CPU
	EndGlobalSection
	GlobalSection(SolutionProperties) = preSolution
		HideSolutionNode = FALSE
	EndGlobalSection
	GlobalSection(ExtensibilityGlobals) = postSolution
		SolutionGuid = {1BE674E5-03D5-469F-B64C-98EA968663F1}
	EndGlobalSection
EndGlobal
